PODS:
  - Alamofire (4.6.0)
  - GoogleMaps/Base (2.5.0)
  - GooglePlaces (2.5.0):
    - GoogleMaps/Base (= 2.5.0)
  - SwiftyJSON (4.0.0)

DEPENDENCIES:
  - Alamofire
  - GooglePlaces
  - SwiftyJSON

SPEC CHECKSUMS:
  Alamofire: f41a599bd63041760b26d393ec1069d9d7b917f4
  GoogleMaps: c087b8e5dfe87ca6ebf59adb9b4894a4146bec4f
  GooglePlaces: dd70d9d71ea1c7944846afe67de3712c99b30a77
  SwiftyJSON: 070dabdcb1beb81b247c65ffa3a79dbbfb3b48aa

PODFILE CHECKSUM: 356fc7d95a50c0682ae0329ecf0100a6e040be22

COCOAPODS: 1.4.0
