// !$*UTF8*$!
{
	archiveVersion = 1;
	classes = {
	};
	objectVersion = 48;
	objects = {

/* Begin PBXBuildFile section */
		4DC43E67206899760092D4E6 /* AppDelegate.swift in Sources */ = {isa = PBXBuildFile; fileRef = 4DC43E66206899760092D4E6 /* AppDelegate.swift */; };
		4DC43E6C206899760092D4E6 /* Main.storyboard in Resources */ = {isa = PBXBuildFile; fileRef = 4DC43E6A206899760092D4E6 /* Main.storyboard */; };
		4DC43E6E206899760092D4E6 /* Assets.xcassets in Resources */ = {isa = PBXBuildFile; fileRef = 4DC43E6D206899760092D4E6 /* Assets.xcassets */; };
		4DC43E71206899760092D4E6 /* LaunchScreen.storyboard in Resources */ = {isa = PBXBuildFile; fileRef = 4DC43E6F206899760092D4E6 /* LaunchScreen.storyboard */; };
		4DC43E7C206899760092D4E6 /* WeatherGiftTests.swift in Sources */ = {isa = PBXBuildFile; fileRef = 4DC43E7B206899760092D4E6 /* WeatherGiftTests.swift */; };
		4DC43E87206899760092D4E6 /* WeatherGiftUITests.swift in Sources */ = {isa = PBXBuildFile; fileRef = 4DC43E86206899760092D4E6 /* WeatherGiftUITests.swift */; };
		4DC43E9520689A5F0092D4E6 /* DetailVC.swift in Sources */ = {isa = PBXBuildFile; fileRef = 4DC43E9420689A5F0092D4E6 /* DetailVC.swift */; };
		4DC43E972068AF0D0092D4E6 /* ListVC.swift in Sources */ = {isa = PBXBuildFile; fileRef = 4DC43E962068AF0D0092D4E6 /* ListVC.swift */; };
		4DC43E9B20692E4F0092D4E6 /* PageVC.swift in Sources */ = {isa = PBXBuildFile; fileRef = 4DC43E9A20692E4F0092D4E6 /* PageVC.swift */; };
		8236BB36F392CB104EA129A7 /* Pods_WeatherGift.framework in Frameworks */ = {isa = PBXBuildFile; fileRef = DC420E7996570223FAAD395C /* Pods_WeatherGift.framework */; };
		BC7D2DF139F43F2646D86DA5 /* Pods_WeatherGiftUITests.framework in Frameworks */ = {isa = PBXBuildFile; fileRef = A89F83590DF971B215639E52 /* Pods_WeatherGiftUITests.framework */; };
		C21BC8E6D29D7A71D961B8EE /* Pods_WeatherGiftTests.framework in Frameworks */ = {isa = PBXBuildFile; fileRef = 801135496778FDCAE5FC110D /* Pods_WeatherGiftTests.framework */; };
/* End PBXBuildFile section */

/* Begin PBXContainerItemProxy section */
		4DC43E78206899760092D4E6 /* PBXContainerItemProxy */ = {
			isa = PBXContainerItemProxy;
			containerPortal = 4DC43E5B206899760092D4E6 /* Project object */;
			proxyType = 1;
			remoteGlobalIDString = 4DC43E62206899760092D4E6;
			remoteInfo = WeatherGift;
		};
		4DC43E83206899760092D4E6 /* PBXContainerItemProxy */ = {
			isa = PBXContainerItemProxy;
			containerPortal = 4DC43E5B206899760092D4E6 /* Project object */;
			proxyType = 1;
			remoteGlobalIDString = 4DC43E62206899760092D4E6;
			remoteInfo = WeatherGift;
		};
/* End PBXContainerItemProxy section */

/* Begin PBXFileReference section */
		04995F360D1AB78C9755A624 /* Pods-WeatherGift.debug.xcconfig */ = {isa = PBXFileReference; includeInIndex = 1; lastKnownFileType = text.xcconfig; name = "Pods-WeatherGift.debug.xcconfig"; path = "Pods/Target Support Files/Pods-WeatherGift/Pods-WeatherGift.debug.xcconfig"; sourceTree = "<group>"; };
		129D36BA75D006182756479C /* Pods-WeatherGiftTests.debug.xcconfig */ = {isa = PBXFileReference; includeInIndex = 1; lastKnownFileType = text.xcconfig; name = "Pods-WeatherGiftTests.debug.xcconfig"; path = "Pods/Target Support Files/Pods-WeatherGiftTests/Pods-WeatherGiftTests.debug.xcconfig"; sourceTree = "<group>"; };
		1AD795C5D4584CF410514F68 /* Pods-WeatherGiftUITests.release.xcconfig */ = {isa = PBXFileReference; includeInIndex = 1; lastKnownFileType = text.xcconfig; name = "Pods-WeatherGiftUITests.release.xcconfig"; path = "Pods/Target Support Files/Pods-WeatherGiftUITests/Pods-WeatherGiftUITests.release.xcconfig"; sourceTree = "<group>"; };
		303C004B3F84BEB82ECC0EC6 /* Pods-WeatherGiftTests.release.xcconfig */ = {isa = PBXFileReference; includeInIndex = 1; lastKnownFileType = text.xcconfig; name = "Pods-WeatherGiftTests.release.xcconfig"; path = "Pods/Target Support Files/Pods-WeatherGiftTests/Pods-WeatherGiftTests.release.xcconfig"; sourceTree = "<group>"; };
		4DC43E63206899760092D4E6 /* WeatherGift.app */ = {isa = PBXFileReference; explicitFileType = wrapper.application; includeInIndex = 0; path = WeatherGift.app; sourceTree = BUILT_PRODUCTS_DIR; };
		4DC43E66206899760092D4E6 /* AppDelegate.swift */ = {isa = PBXFileReference; lastKnownFileType = sourcecode.swift; path = AppDelegate.swift; sourceTree = "<group>"; };
		4DC43E6B206899760092D4E6 /* Base */ = {isa = PBXFileReference; lastKnownFileType = file.storyboard; name = Base; path = Base.lproj/Main.storyboard; sourceTree = "<group>"; };
		4DC43E6D206899760092D4E6 /* Assets.xcassets */ = {isa = PBXFileReference; lastKnownFileType = folder.assetcatalog; path = Assets.xcassets; sourceTree = "<group>"; };
		4DC43E70206899760092D4E6 /* Base */ = {isa = PBXFileReference; lastKnownFileType = file.storyboard; name = Base; path = Base.lproj/LaunchScreen.storyboard; sourceTree = "<group>"; };
		4DC43E72206899760092D4E6 /* Info.plist */ = {isa = PBXFileReference; lastKnownFileType = text.plist.xml; path = Info.plist; sourceTree = "<group>"; };
		4DC43E77206899760092D4E6 /* WeatherGiftTests.xctest */ = {isa = PBXFileReference; explicitFileType = wrapper.cfbundle; includeInIndex = 0; path = WeatherGiftTests.xctest; sourceTree = BUILT_PRODUCTS_DIR; };
		4DC43E7B206899760092D4E6 /* WeatherGiftTests.swift */ = {isa = PBXFileReference; lastKnownFileType = sourcecode.swift; path = WeatherGiftTests.swift; sourceTree = "<group>"; };
		4DC43E7D206899760092D4E6 /* Info.plist */ = {isa = PBXFileReference; lastKnownFileType = text.plist.xml; path = Info.plist; sourceTree = "<group>"; };
		4DC43E82206899760092D4E6 /* WeatherGiftUITests.xctest */ = {isa = PBXFileReference; explicitFileType = wrapper.cfbundle; includeInIndex = 0; path = WeatherGiftUITests.xctest; sourceTree = BUILT_PRODUCTS_DIR; };
		4DC43E86206899760092D4E6 /* WeatherGiftUITests.swift */ = {isa = PBXFileReference; lastKnownFileType = sourcecode.swift; path = WeatherGiftUITests.swift; sourceTree = "<group>"; };
		4DC43E88206899760092D4E6 /* Info.plist */ = {isa = PBXFileReference; lastKnownFileType = text.plist.xml; path = Info.plist; sourceTree = "<group>"; };
		4DC43E9420689A5F0092D4E6 /* DetailVC.swift */ = {isa = PBXFileReference; lastKnownFileType = sourcecode.swift; path = DetailVC.swift; sourceTree = "<group>"; };
		4DC43E962068AF0D0092D4E6 /* ListVC.swift */ = {isa = PBXFileReference; lastKnownFileType = sourcecode.swift; path = ListVC.swift; sourceTree = "<group>"; };
		4DC43E9A20692E4F0092D4E6 /* PageVC.swift */ = {isa = PBXFileReference; lastKnownFileType = sourcecode.swift; path = PageVC.swift; sourceTree = "<group>"; };
		55ACC085E173128EEA9953C9 /* Pods-WeatherGiftUITests.debug.xcconfig */ = {isa = PBXFileReference; includeInIndex = 1; lastKnownFileType = text.xcconfig; name = "Pods-WeatherGiftUITests.debug.xcconfig"; path = "Pods/Target Support Files/Pods-WeatherGiftUITests/Pods-WeatherGiftUITests.debug.xcconfig"; sourceTree = "<group>"; };
		801135496778FDCAE5FC110D /* Pods_WeatherGiftTests.framework */ = {isa = PBXFileReference; explicitFileType = wrapper.framework; includeInIndex = 0; path = Pods_WeatherGiftTests.framework; sourceTree = BUILT_PRODUCTS_DIR; };
		A89F83590DF971B215639E52 /* Pods_WeatherGiftUITests.framework */ = {isa = PBXFileReference; explicitFileType = wrapper.framework; includeInIndex = 0; path = Pods_WeatherGiftUITests.framework; sourceTree = BUILT_PRODUCTS_DIR; };
		A8A20A9163EABDC13FA7EDDB /* Pods-WeatherGift.release.xcconfig */ = {isa = PBXFileReference; includeInIndex = 1; lastKnownFileType = text.xcconfig; name = "Pods-WeatherGift.release.xcconfig"; path = "Pods/Target Support Files/Pods-WeatherGift/Pods-WeatherGift.release.xcconfig"; sourceTree = "<group>"; };
		DC420E7996570223FAAD395C /* Pods_WeatherGift.framework */ = {isa = PBXFileReference; explicitFileType = wrapper.framework; includeInIndex = 0; path = Pods_WeatherGift.framework; sourceTree = BUILT_PRODUCTS_DIR; };
/* End PBXFileReference section */

/* Begin PBXFrameworksBuildPhase section */
		4DC43E60206899760092D4E6 /* Frameworks */ = {
			isa = PBXFrameworksBuildPhase;
			buildActionMask = 2147483647;
			files = (
				8236BB36F392CB104EA129A7 /* Pods_WeatherGift.framework in Frameworks */,
			);
			runOnlyForDeploymentPostprocessing = 0;
		};
		4DC43E74206899760092D4E6 /* Frameworks */ = {
			isa = PBXFrameworksBuildPhase;
			buildActionMask = 2147483647;
			files = (
				C21BC8E6D29D7A71D961B8EE /* Pods_WeatherGiftTests.framework in Frameworks */,
			);
			runOnlyForDeploymentPostprocessing = 0;
		};
		4DC43E7F206899760092D4E6 /* Frameworks */ = {
			isa = PBXFrameworksBuildPhase;
			buildActionMask = 2147483647;
			files = (
				BC7D2DF139F43F2646D86DA5 /* Pods_WeatherGiftUITests.framework in Frameworks */,
			);
			runOnlyForDeploymentPostprocessing = 0;
		};
/* End PBXFrameworksBuildPhase section */

/* Begin PBXGroup section */
		4DC43E5A206899760092D4E6 = {
			isa = PBXGroup;
			children = (
				4DC43E65206899760092D4E6 /* WeatherGift */,
				4DC43E7A206899760092D4E6 /* WeatherGiftTests */,
				4DC43E85206899760092D4E6 /* WeatherGiftUITests */,
				4DC43E64206899760092D4E6 /* Products */,
				AF9D3313576F8DB09B51925F /* Pods */,
				54428F01B1359C01DF0858A3 /* Frameworks */,
			);
			sourceTree = "<group>";
		};
		4DC43E64206899760092D4E6 /* Products */ = {
			isa = PBXGroup;
			children = (
				4DC43E63206899760092D4E6 /* WeatherGift.app */,
				4DC43E77206899760092D4E6 /* WeatherGiftTests.xctest */,
				4DC43E82206899760092D4E6 /* WeatherGiftUITests.xctest */,
			);
			name = Products;
			sourceTree = "<group>";
		};
		4DC43E65206899760092D4E6 /* WeatherGift */ = {
			isa = PBXGroup;
			children = (
				4DC43E66206899760092D4E6 /* AppDelegate.swift */,
				4DC43E9A20692E4F0092D4E6 /* PageVC.swift */,
				4DC43E9420689A5F0092D4E6 /* DetailVC.swift */,
				4DC43E962068AF0D0092D4E6 /* ListVC.swift */,
				4DC43E6A206899760092D4E6 /* Main.storyboard */,
				4DC43E6F206899760092D4E6 /* LaunchScreen.storyboard */,
				4DC43E6D206899760092D4E6 /* Assets.xcassets */,
				4DC43E72206899760092D4E6 /* Info.plist */,
			);
			path = WeatherGift;
			sourceTree = "<group>";
		};
		4DC43E7A206899760092D4E6 /* WeatherGiftTests */ = {
			isa = PBXGroup;
			children = (
				4DC43E7B206899760092D4E6 /* WeatherGiftTests.swift */,
				4DC43E7D206899760092D4E6 /* Info.plist */,
			);
			path = WeatherGiftTests;
			sourceTree = "<group>";
		};
		4DC43E85206899760092D4E6 /* WeatherGiftUITests */ = {
			isa = PBXGroup;
			children = (
				4DC43E86206899760092D4E6 /* WeatherGiftUITests.swift */,
				4DC43E88206899760092D4E6 /* Info.plist */,
			);
			path = WeatherGiftUITests;
			sourceTree = "<group>";
		};
		54428F01B1359C01DF0858A3 /* Frameworks */ = {
			isa = PBXGroup;
			children = (
				DC420E7996570223FAAD395C /* Pods_WeatherGift.framework */,
				801135496778FDCAE5FC110D /* Pods_WeatherGiftTests.framework */,
				A89F83590DF971B215639E52 /* Pods_WeatherGiftUITests.framework */,
			);
			name = Frameworks;
			sourceTree = "<group>";
		};
		AF9D3313576F8DB09B51925F /* Pods */ = {
			isa = PBXGroup;
			children = (
				04995F360D1AB78C9755A624 /* Pods-WeatherGift.debug.xcconfig */,
				A8A20A9163EABDC13FA7EDDB /* Pods-WeatherGift.release.xcconfig */,
				129D36BA75D006182756479C /* Pods-WeatherGiftTests.debug.xcconfig */,
				303C004B3F84BEB82ECC0EC6 /* Pods-WeatherGiftTests.release.xcconfig */,
				55ACC085E173128EEA9953C9 /* Pods-WeatherGiftUITests.debug.xcconfig */,
				1AD795C5D4584CF410514F68 /* Pods-WeatherGiftUITests.release.xcconfig */,
			);
			name = Pods;
			sourceTree = "<group>";
		};
/* End PBXGroup section */

/* Begin PBXNativeTarget section */
		4DC43E62206899760092D4E6 /* WeatherGift */ = {
			isa = PBXNativeTarget;
			buildConfigurationList = 4DC43E8B206899760092D4E6 /* Build configuration list for PBXNativeTarget "WeatherGift" */;
			buildPhases = (
				C83CB8D7D3731720D95B2128 /* [CP] Check Pods Manifest.lock */,
				4DC43E5F206899760092D4E6 /* Sources */,
				4DC43E60206899760092D4E6 /* Frameworks */,
				4DC43E61206899760092D4E6 /* Resources */,
				C4C5515F3FC4FA0126BC2670 /* [CP] Embed Pods Frameworks */,
				877D707FF52344863BF24BCD /* [CP] Copy Pods Resources */,
			);
			buildRules = (
			);
			dependencies = (
			);
			name = WeatherGift;
			productName = WeatherGift;
			productReference = 4DC43E63206899760092D4E6 /* WeatherGift.app */;
			productType = "com.apple.product-type.application";
		};
		4DC43E76206899760092D4E6 /* WeatherGiftTests */ = {
			isa = PBXNativeTarget;
			buildConfigurationList = 4DC43E8E206899760092D4E6 /* Build configuration list for PBXNativeTarget "WeatherGiftTests" */;
			buildPhases = (
				D2B60EA90E148C068AFE2400 /* [CP] Check Pods Manifest.lock */,
				4DC43E73206899760092D4E6 /* Sources */,
				4DC43E74206899760092D4E6 /* Frameworks */,
				4DC43E75206899760092D4E6 /* Resources */,
				46015EAA38093C48C47530E2 /* [CP] Embed Pods Frameworks */,
				2E9C9ADDD8E118C91193CF63 /* [CP] Copy Pods Resources */,
			);
			buildRules = (
			);
			dependencies = (
				4DC43E79206899760092D4E6 /* PBXTargetDependency */,
			);
			name = WeatherGiftTests;
			productName = WeatherGiftTests;
			productReference = 4DC43E77206899760092D4E6 /* WeatherGiftTests.xctest */;
			productType = "com.apple.product-type.bundle.unit-test";
		};
		4DC43E81206899760092D4E6 /* WeatherGiftUITests */ = {
			isa = PBXNativeTarget;
			buildConfigurationList = 4DC43E91206899760092D4E6 /* Build configuration list for PBXNativeTarget "WeatherGiftUITests" */;
			buildPhases = (
				0824B2BF76C6335BBFF5D464 /* [CP] Check Pods Manifest.lock */,
				4DC43E7E206899760092D4E6 /* Sources */,
				4DC43E7F206899760092D4E6 /* Frameworks */,
				4DC43E80206899760092D4E6 /* Resources */,
				D07CFCC3EEF50800FC9B2238 /* [CP] Embed Pods Frameworks */,
				5FECCDA325F4E6A755C8ACFF /* [CP] Copy Pods Resources */,
			);
			buildRules = (
			);
			dependencies = (
				4DC43E84206899760092D4E6 /* PBXTargetDependency */,
			);
			name = WeatherGiftUITests;
			productName = WeatherGiftUITests;
			productReference = 4DC43E82206899760092D4E6 /* WeatherGiftUITests.xctest */;
			productType = "com.apple.product-type.bundle.ui-testing";
		};
/* End PBXNativeTarget section */

/* Begin PBXProject section */
		4DC43E5B206899760092D4E6 /* Project object */ = {
			isa = PBXProject;
			attributes = {
				LastSwiftUpdateCheck = 0920;
				LastUpgradeCheck = 0920;
				ORGANIZATIONNAME = Mark;
				TargetAttributes = {
					4DC43E62206899760092D4E6 = {
						CreatedOnToolsVersion = 9.2;
						ProvisioningStyle = Automatic;
					};
					4DC43E76206899760092D4E6 = {
						CreatedOnToolsVersion = 9.2;
						ProvisioningStyle = Automatic;
						TestTargetID = 4DC43E62206899760092D4E6;
					};
					4DC43E81206899760092D4E6 = {
						CreatedOnToolsVersion = 9.2;
						ProvisioningStyle = Automatic;
						TestTargetID = 4DC43E62206899760092D4E6;
					};
				};
			};
			buildConfigurationList = 4DC43E5E206899760092D4E6 /* Build configuration list for PBXProject "WeatherGift" */;
			compatibilityVersion = "Xcode 8.0";
			developmentRegion = en;
			hasScannedForEncodings = 0;
			knownRegions = (
				en,
				Base,
			);
			mainGroup = 4DC43E5A206899760092D4E6;
			productRefGroup = 4DC43E64206899760092D4E6 /* Products */;
			projectDirPath = "";
			projectRoot = "";
			targets = (
				4DC43E62206899760092D4E6 /* WeatherGift */,
				4DC43E76206899760092D4E6 /* WeatherGiftTests */,
				4DC43E81206899760092D4E6 /* WeatherGiftUITests */,
			);
		};
/* End PBXProject section */

/* Begin PBXResourcesBuildPhase section */
		4DC43E61206899760092D4E6 /* Resources */ = {
			isa = PBXResourcesBuildPhase;
			buildActionMask = 2147483647;
			files = (
				4DC43E71206899760092D4E6 /* LaunchScreen.storyboard in Resources */,
				4DC43E6E206899760092D4E6 /* Assets.xcassets in Resources */,
				4DC43E6C206899760092D4E6 /* Main.storyboard in Resources */,
			);
			runOnlyForDeploymentPostprocessing = 0;
		};
		4DC43E75206899760092D4E6 /* Resources */ = {
			isa = PBXResourcesBuildPhase;
			buildActionMask = 2147483647;
			files = (
			);
			runOnlyForDeploymentPostprocessing = 0;
		};
		4DC43E80206899760092D4E6 /* Resources */ = {
			isa = PBXResourcesBuildPhase;
			buildActionMask = 2147483647;
			files = (
			);
			runOnlyForDeploymentPostprocessing = 0;
		};
/* End PBXResourcesBuildPhase section */

/* Begin PBXShellScriptBuildPhase section */
		0824B2BF76C6335BBFF5D464 /* [CP] Check Pods Manifest.lock */ = {
			isa = PBXShellScriptBuildPhase;
			buildActionMask = 2147483647;
			files = (
			);
			inputPaths = (
				"${PODS_PODFILE_DIR_PATH}/Podfile.lock",
				"${PODS_ROOT}/Manifest.lock",
			);
			name = "[CP] Check Pods Manifest.lock";
			outputPaths = (
				"$(DERIVED_FILE_DIR)/Pods-WeatherGiftUITests-checkManifestLockResult.txt",
			);
			runOnlyForDeploymentPostprocessing = 0;
			shellPath = /bin/sh;
			shellScript = "diff \"${PODS_PODFILE_DIR_PATH}/Podfile.lock\" \"${PODS_ROOT}/Manifest.lock\" > /dev/null\nif [ $? != 0 ] ; then\n    # print error to STDERR\n    echo \"error: The sandbox is not in sync with the Podfile.lock. Run 'pod install' or update your CocoaPods installation.\" >&2\n    exit 1\nfi\n# This output is used by Xcode 'outputs' to avoid re-running this script phase.\necho \"SUCCESS\" > \"${SCRIPT_OUTPUT_FILE_0}\"\n";
			showEnvVarsInLog = 0;
		};
		2E9C9ADDD8E118C91193CF63 /* [CP] Copy Pods Resources */ = {
			isa = PBXShellScriptBuildPhase;
			buildActionMask = 2147483647;
			files = (
			);
			inputPaths = (
			);
			name = "[CP] Copy Pods Resources";
			outputPaths = (
			);
			runOnlyForDeploymentPostprocessing = 0;
			shellPath = /bin/sh;
			shellScript = "\"${SRCROOT}/Pods/Target Support Files/Pods-WeatherGiftTests/Pods-WeatherGiftTests-resources.sh\"\n";
			showEnvVarsInLog = 0;
		};
		46015EAA38093C48C47530E2 /* [CP] Embed Pods Frameworks */ = {
			isa = PBXShellScriptBuildPhase;
			buildActionMask = 2147483647;
			files = (
			);
			inputPaths = (
			);
			name = "[CP] Embed Pods Frameworks";
			outputPaths = (
			);
			runOnlyForDeploymentPostprocessing = 0;
			shellPath = /bin/sh;
			shellScript = "\"${SRCROOT}/Pods/Target Support Files/Pods-WeatherGiftTests/Pods-WeatherGiftTests-frameworks.sh\"\n";
			showEnvVarsInLog = 0;
		};
		5FECCDA325F4E6A755C8ACFF /* [CP] Copy Pods Resources */ = {
			isa = PBXShellScriptBuildPhase;
			buildActionMask = 2147483647;
			files = (
			);
			inputPaths = (
			);
			name = "[CP] Copy Pods Resources";
			outputPaths = (
			);
			runOnlyForDeploymentPostprocessing = 0;
			shellPath = /bin/sh;
			shellScript = "\"${SRCROOT}/Pods/Target Support Files/Pods-WeatherGiftUITests/Pods-WeatherGiftUITests-resources.sh\"\n";
			showEnvVarsInLog = 0;
		};
		877D707FF52344863BF24BCD /* [CP] Copy Pods Resources */ = {
			isa = PBXShellScriptBuildPhase;
			buildActionMask = 2147483647;
			files = (
			);
			inputPaths = (
				"${SRCROOT}/Pods/Target Support Files/Pods-WeatherGift/Pods-WeatherGift-resources.sh",
				"${PODS_ROOT}/GooglePlaces/Frameworks/GooglePlaces.framework/Resources/GooglePlaces.bundle",
			);
			name = "[CP] Copy Pods Resources";
			outputPaths = (
				"${TARGET_BUILD_DIR}/${UNLOCALIZED_RESOURCES_FOLDER_PATH}/GooglePlaces.bundle",
			);
			runOnlyForDeploymentPostprocessing = 0;
			shellPath = /bin/sh;
			shellScript = "\"${SRCROOT}/Pods/Target Support Files/Pods-WeatherGift/Pods-WeatherGift-resources.sh\"\n";
			showEnvVarsInLog = 0;
		};
		C4C5515F3FC4FA0126BC2670 /* [CP] Embed Pods Frameworks */ = {
			isa = PBXShellScriptBuildPhase;
			buildActionMask = 2147483647;
			files = (
			);
			inputPaths = (
				"${SRCROOT}/Pods/Target Support Files/Pods-WeatherGift/Pods-WeatherGift-frameworks.sh",
				"${BUILT_PRODUCTS_DIR}/Alamofire/Alamofire.framework",
				"${BUILT_PRODUCTS_DIR}/SwiftyJSON/SwiftyJSON.framework",
			);
			name = "[CP] Embed Pods Frameworks";
			outputPaths = (
				"${TARGET_BUILD_DIR}/${FRAMEWORKS_FOLDER_PATH}/Alamofire.framework",
				"${TARGET_BUILD_DIR}/${FRAMEWORKS_FOLDER_PATH}/SwiftyJSON.framework",
			);
			runOnlyForDeploymentPostprocessing = 0;
			shellPath = /bin/sh;
			shellScript = "\"${SRCROOT}/Pods/Target Support Files/Pods-WeatherGift/Pods-WeatherGift-frameworks.sh\"\n";
			showEnvVarsInLog = 0;
		};
		C83CB8D7D3731720D95B2128 /* [CP] Check Pods Manifest.lock */ = {
			isa = PBXShellScriptBuildPhase;
			buildActionMask = 2147483647;
			files = (
			);
			inputPaths = (
				"${PODS_PODFILE_DIR_PATH}/Podfile.lock",
				"${PODS_ROOT}/Manifest.lock",
			);
			name = "[CP] Check Pods Manifest.lock";
			outputPaths = (
				"$(DERIVED_FILE_DIR)/Pods-WeatherGift-checkManifestLockResult.txt",
			);
			runOnlyForDeploymentPostprocessing = 0;
			shellPath = /bin/sh;
			shellScript = "diff \"${PODS_PODFILE_DIR_PATH}/Podfile.lock\" \"${PODS_ROOT}/Manifest.lock\" > /dev/null\nif [ $? != 0 ] ; then\n    # print error to STDERR\n    echo \"error: The sandbox is not in sync with the Podfile.lock. Run 'pod install' or update your CocoaPods installation.\" >&2\n    exit 1\nfi\n# This output is used by Xcode 'outputs' to avoid re-running this script phase.\necho \"SUCCESS\" > \"${SCRIPT_OUTPUT_FILE_0}\"\n";
			showEnvVarsInLog = 0;
		};
		D07CFCC3EEF50800FC9B2238 /* [CP] Embed Pods Frameworks */ = {
			isa = PBXShellScriptBuildPhase;
			buildActionMask = 2147483647;
			files = (
			);
			inputPaths = (
			);
			name = "[CP] Embed Pods Frameworks";
			outputPaths = (
			);
			runOnlyForDeploymentPostprocessing = 0;
			shellPath = /bin/sh;
			shellScript = "\"${SRCROOT}/Pods/Target Support Files/Pods-WeatherGiftUITests/Pods-WeatherGiftUITests-frameworks.sh\"\n";
			showEnvVarsInLog = 0;
		};
		D2B60EA90E148C068AFE2400 /* [CP] Check Pods Manifest.lock */ = {
			isa = PBXShellScriptBuildPhase;
			buildActionMask = 2147483647;
			files = (
			);
			inputPaths = (
				"${PODS_PODFILE_DIR_PATH}/Podfile.lock",
				"${PODS_ROOT}/Manifest.lock",
			);
			name = "[CP] Check Pods Manifest.lock";
			outputPaths = (
				"$(DERIVED_FILE_DIR)/Pods-WeatherGiftTests-checkManifestLockResult.txt",
			);
			runOnlyForDeploymentPostprocessing = 0;
			shellPath = /bin/sh;
			shellScript = "diff \"${PODS_PODFILE_DIR_PATH}/Podfile.lock\" \"${PODS_ROOT}/Manifest.lock\" > /dev/null\nif [ $? != 0 ] ; then\n    # print error to STDERR\n    echo \"error: The sandbox is not in sync with the Podfile.lock. Run 'pod install' or update your CocoaPods installation.\" >&2\n    exit 1\nfi\n# This output is used by Xcode 'outputs' to avoid re-running this script phase.\necho \"SUCCESS\" > \"${SCRIPT_OUTPUT_FILE_0}\"\n";
			showEnvVarsInLog = 0;
		};
/* End PBXShellScriptBuildPhase section */

/* Begin PBXSourcesBuildPhase section */
		4DC43E5F206899760092D4E6 /* Sources */ = {
			isa = PBXSourcesBuildPhase;
			buildActionMask = 2147483647;
			files = (
				4DC43E972068AF0D0092D4E6 /* ListVC.swift in Sources */,
				4DC43E9B20692E4F0092D4E6 /* PageVC.swift in Sources */,
				4DC43E67206899760092D4E6 /* AppDelegate.swift in Sources */,
				4DC43E9520689A5F0092D4E6 /* DetailVC.swift in Sources */,
			);
			runOnlyForDeploymentPostprocessing = 0;
		};
		4DC43E73206899760092D4E6 /* Sources */ = {
			isa = PBXSourcesBuildPhase;
			buildActionMask = 2147483647;
			files = (
				4DC43E7C206899760092D4E6 /* WeatherGiftTests.swift in Sources */,
			);
			runOnlyForDeploymentPostprocessing = 0;
		};
		4DC43E7E206899760092D4E6 /* Sources */ = {
			isa = PBXSourcesBuildPhase;
			buildActionMask = 2147483647;
			files = (
				4DC43E87206899760092D4E6 /* WeatherGiftUITests.swift in Sources */,
			);
			runOnlyForDeploymentPostprocessing = 0;
		};
/* End PBXSourcesBuildPhase section */

/* Begin PBXTargetDependency section */
		4DC43E79206899760092D4E6 /* PBXTargetDependency */ = {
			isa = PBXTargetDependency;
			target = 4DC43E62206899760092D4E6 /* WeatherGift */;
			targetProxy = 4DC43E78206899760092D4E6 /* PBXContainerItemProxy */;
		};
		4DC43E84206899760092D4E6 /* PBXTargetDependency */ = {
			isa = PBXTargetDependency;
			target = 4DC43E62206899760092D4E6 /* WeatherGift */;
			targetProxy = 4DC43E83206899760092D4E6 /* PBXContainerItemProxy */;
		};
/* End PBXTargetDependency section */

/* Begin PBXVariantGroup section */
		4DC43E6A206899760092D4E6 /* Main.storyboard */ = {
			isa = PBXVariantGroup;
			children = (
				4DC43E6B206899760092D4E6 /* Base */,
			);
			name = Main.storyboard;
			sourceTree = "<group>";
		};
		4DC43E6F206899760092D4E6 /* LaunchScreen.storyboard */ = {
			isa = PBXVariantGroup;
			children = (
				4DC43E70206899760092D4E6 /* Base */,
			);
			name = LaunchScreen.storyboard;
			sourceTree = "<group>";
		};
/* End PBXVariantGroup section */

/* Begin XCBuildConfiguration section */
		4DC43E89206899760092D4E6 /* Debug */ = {
			isa = XCBuildConfiguration;
			buildSettings = {
				ALWAYS_SEARCH_USER_PATHS = NO;
				CLANG_ANALYZER_NONNULL = YES;
				CLANG_ANALYZER_NUMBER_OBJECT_CONVERSION = YES_AGGRESSIVE;
				CLANG_CXX_LANGUAGE_STANDARD = "gnu++14";
				CLANG_CXX_LIBRARY = "libc++";
				CLANG_ENABLE_MODULES = YES;
				CLANG_ENABLE_OBJC_ARC = YES;
				CLANG_WARN_BLOCK_CAPTURE_AUTORELEASING = YES;
				CLANG_WARN_BOOL_CONVERSION = YES;
				CLANG_WARN_COMMA = YES;
				CLANG_WARN_CONSTANT_CONVERSION = YES;
				CLANG_WARN_DIRECT_OBJC_ISA_USAGE = YES_ERROR;
				CLANG_WARN_DOCUMENTATION_COMMENTS = YES;
				CLANG_WARN_EMPTY_BODY = YES;
				CLANG_WARN_ENUM_CONVERSION = YES;
				CLANG_WARN_INFINITE_RECURSION = YES;
				CLANG_WARN_INT_CONVERSION = YES;
				CLANG_WARN_NON_LITERAL_NULL_CONVERSION = YES;
				CLANG_WARN_OBJC_LITERAL_CONVERSION = YES;
				CLANG_WARN_OBJC_ROOT_CLASS = YES_ERROR;
				CLANG_WARN_RANGE_LOOP_ANALYSIS = YES;
				CLANG_WARN_STRICT_PROTOTYPES = YES;
				CLANG_WARN_SUSPICIOUS_MOVE = YES;
				CLANG_WARN_UNGUARDED_AVAILABILITY = YES_AGGRESSIVE;
				CLANG_WARN_UNREACHABLE_CODE = YES;
				CLANG_WARN__DUPLICATE_METHOD_MATCH = YES;
				CODE_SIGN_IDENTITY = "iPhone Developer";
				COPY_PHASE_STRIP = NO;
				DEBUG_INFORMATION_FORMAT = dwarf;
				ENABLE_STRICT_OBJC_MSGSEND = YES;
				ENABLE_TESTABILITY = YES;
				GCC_C_LANGUAGE_STANDARD = gnu11;
				GCC_DYNAMIC_NO_PIC = NO;
				GCC_NO_COMMON_BLOCKS = YES;
				GCC_OPTIMIZATION_LEVEL = 0;
				GCC_PREPROCESSOR_DEFINITIONS = (
					"DEBUG=1",
					"$(inherited)",
				);
				GCC_WARN_64_TO_32_BIT_CONVERSION = YES;
				GCC_WARN_ABOUT_RETURN_TYPE = YES_ERROR;
				GCC_WARN_UNDECLARED_SELECTOR = YES;
				GCC_WARN_UNINITIALIZED_AUTOS = YES_AGGRESSIVE;
				GCC_WARN_UNUSED_FUNCTION = YES;
				GCC_WARN_UNUSED_VARIABLE = YES;
				IPHONEOS_DEPLOYMENT_TARGET = 11.2;
				MTL_ENABLE_DEBUG_INFO = YES;
				ONLY_ACTIVE_ARCH = YES;
				SDKROOT = iphoneos;
				SWIFT_ACTIVE_COMPILATION_CONDITIONS = DEBUG;
				SWIFT_OPTIMIZATION_LEVEL = "-Onone";
			};
			name = Debug;
		};
		4DC43E8A206899760092D4E6 /* Release */ = {
			isa = XCBuildConfiguration;
			buildSettings = {
				ALWAYS_SEARCH_USER_PATHS = NO;
				CLANG_ANALYZER_NONNULL = YES;
				CLANG_ANALYZER_NUMBER_OBJECT_CONVERSION = YES_AGGRESSIVE;
				CLANG_CXX_LANGUAGE_STANDARD = "gnu++14";
				CLANG_CXX_LIBRARY = "libc++";
				CLANG_ENABLE_MODULES = YES;
				CLANG_ENABLE_OBJC_ARC = YES;
				CLANG_WARN_BLOCK_CAPTURE_AUTORELEASING = YES;
				CLANG_WARN_BOOL_CONVERSION = YES;
				CLANG_WARN_COMMA = YES;
				CLANG_WARN_CONSTANT_CONVERSION = YES;
				CLANG_WARN_DIRECT_OBJC_ISA_USAGE = YES_ERROR;
				CLANG_WARN_DOCUMENTATION_COMMENTS = YES;
				CLANG_WARN_EMPTY_BODY = YES;
				CLANG_WARN_ENUM_CONVERSION = YES;
				CLANG_WARN_INFINITE_RECURSION = YES;
				CLANG_WARN_INT_CONVERSION = YES;
				CLANG_WARN_NON_LITERAL_NULL_CONVERSION = YES;
				CLANG_WARN_OBJC_LITERAL_CONVERSION = YES;
				CLANG_WARN_OBJC_ROOT_CLASS = YES_ERROR;
				CLANG_WARN_RANGE_LOOP_ANALYSIS = YES;
				CLANG_WARN_STRICT_PROTOTYPES = YES;
				CLANG_WARN_SUSPICIOUS_MOVE = YES;
				CLANG_WARN_UNGUARDED_AVAILABILITY = YES_AGGRESSIVE;
				CLANG_WARN_UNREACHABLE_CODE = YES;
				CLANG_WARN__DUPLICATE_METHOD_MATCH = YES;
				CODE_SIGN_IDENTITY = "iPhone Developer";
				COPY_PHASE_STRIP = NO;
				DEBUG_INFORMATION_FORMAT = "dwarf-with-dsym";
				ENABLE_NS_ASSERTIONS = NO;
				ENABLE_STRICT_OBJC_MSGSEND = YES;
				GCC_C_LANGUAGE_STANDARD = gnu11;
				GCC_NO_COMMON_BLOCKS = YES;
				GCC_WARN_64_TO_32_BIT_CONVERSION = YES;
				GCC_WARN_ABOUT_RETURN_TYPE = YES_ERROR;
				GCC_WARN_UNDECLARED_SELECTOR = YES;
				GCC_WARN_UNINITIALIZED_AUTOS = YES_AGGRESSIVE;
				GCC_WARN_UNUSED_FUNCTION = YES;
				GCC_WARN_UNUSED_VARIABLE = YES;
				IPHONEOS_DEPLOYMENT_TARGET = 11.2;
				MTL_ENABLE_DEBUG_INFO = NO;
				SDKROOT = iphoneos;
				SWIFT_OPTIMIZATION_LEVEL = "-Owholemodule";
				VALIDATE_PRODUCT = YES;
			};
			name = Release;
		};
		4DC43E8C206899760092D4E6 /* Debug */ = {
			isa = XCBuildConfiguration;
			baseConfigurationReference = 04995F360D1AB78C9755A624 /* Pods-WeatherGift.debug.xcconfig */;
			buildSettings = {
				ASSETCATALOG_COMPILER_APPICON_NAME = AppIcon;
				CODE_SIGN_STYLE = Automatic;
				DEVELOPMENT_TEAM = 8F96C5LK24;
				INFOPLIST_FILE = WeatherGift/Info.plist;
				IPHONEOS_DEPLOYMENT_TARGET = 11.0;
				LD_RUNPATH_SEARCH_PATHS = "$(inherited) @executable_path/Frameworks";
				PRODUCT_BUNDLE_IDENTIFIER = com.swiftAwsomeness.WeatherGift;
				PRODUCT_NAME = "$(TARGET_NAME)";
				SWIFT_VERSION = 4.0;
				TARGETED_DEVICE_FAMILY = "1,2";
			};
			name = Debug;
		};
		4DC43E8D206899760092D4E6 /* Release */ = {
			isa = XCBuildConfiguration;
			baseConfigurationReference = A8A20A9163EABDC13FA7EDDB /* Pods-WeatherGift.release.xcconfig */;
			buildSettings = {
				ASSETCATALOG_COMPILER_APPICON_NAME = AppIcon;
				CODE_SIGN_STYLE = Automatic;
				DEVELOPMENT_TEAM = 8F96C5LK24;
				INFOPLIST_FILE = WeatherGift/Info.plist;
				IPHONEOS_DEPLOYMENT_TARGET = 11.0;
				LD_RUNPATH_SEARCH_PATHS = "$(inherited) @executable_path/Frameworks";
				PRODUCT_BUNDLE_IDENTIFIER = com.swiftAwsomeness.WeatherGift;
				PRODUCT_NAME = "$(TARGET_NAME)";
				SWIFT_VERSION = 4.0;
				TARGETED_DEVICE_FAMILY = "1,2";
			};
			name = Release;
		};
		4DC43E8F206899760092D4E6 /* Debug */ = {
			isa = XCBuildConfiguration;
			baseConfigurationReference = 129D36BA75D006182756479C /* Pods-WeatherGiftTests.debug.xcconfig */;
			buildSettings = {
				ALWAYS_EMBED_SWIFT_STANDARD_LIBRARIES = YES;
				BUNDLE_LOADER = "$(TEST_HOST)";
				CODE_SIGN_STYLE = Automatic;
				DEVELOPMENT_TEAM = 8F96C5LK24;
				INFOPLIST_FILE = WeatherGiftTests/Info.plist;
				LD_RUNPATH_SEARCH_PATHS = "$(inherited) @executable_path/Frameworks @loader_path/Frameworks";
				PRODUCT_BUNDLE_IDENTIFIER = com.swiftAwsomeness.WeatherGiftTests;
				PRODUCT_NAME = "$(TARGET_NAME)";
				SWIFT_VERSION = 4.0;
				TARGETED_DEVICE_FAMILY = "1,2";
				TEST_HOST = "$(BUILT_PRODUCTS_DIR)/WeatherGift.app/WeatherGift";
			};
			name = Debug;
		};
		4DC43E90206899760092D4E6 /* Release */ = {
			isa = XCBuildConfiguration;
			baseConfigurationReference = 303C004B3F84BEB82ECC0EC6 /* Pods-WeatherGiftTests.release.xcconfig */;
			buildSettings = {
				ALWAYS_EMBED_SWIFT_STANDARD_LIBRARIES = YES;
				BUNDLE_LOADER = "$(TEST_HOST)";
				CODE_SIGN_STYLE = Automatic;
				DEVELOPMENT_TEAM = 8F96C5LK24;
				INFOPLIST_FILE = WeatherGiftTests/Info.plist;
				LD_RUNPATH_SEARCH_PATHS = "$(inherited) @executable_path/Frameworks @loader_path/Frameworks";
				PRODUCT_BUNDLE_IDENTIFIER = com.swiftAwsomeness.WeatherGiftTests;
				PRODUCT_NAME = "$(TARGET_NAME)";
				SWIFT_VERSION = 4.0;
				TARGETED_DEVICE_FAMILY = "1,2";
				TEST_HOST = "$(BUILT_PRODUCTS_DIR)/WeatherGift.app/WeatherGift";
			};
			name = Release;
		};
		4DC43E92206899760092D4E6 /* Debug */ = {
			isa = XCBuildConfiguration;
			baseConfigurationReference = 55ACC085E173128EEA9953C9 /* Pods-WeatherGiftUITests.debug.xcconfig */;
			buildSettings = {
				ALWAYS_EMBED_SWIFT_STANDARD_LIBRARIES = YES;
				CODE_SIGN_STYLE = Automatic;
				DEVELOPMENT_TEAM = 8F96C5LK24;
				INFOPLIST_FILE = WeatherGiftUITests/Info.plist;
				LD_RUNPATH_SEARCH_PATHS = "$(inherited) @executable_path/Frameworks @loader_path/Frameworks";
				PRODUCT_BUNDLE_IDENTIFIER = com.swiftAwsomeness.WeatherGiftUITests;
				PRODUCT_NAME = "$(TARGET_NAME)";
				SWIFT_VERSION = 4.0;
				TARGETED_DEVICE_FAMILY = "1,2";
				TEST_TARGET_NAME = WeatherGift;
			};
			name = Debug;
		};
		4DC43E93206899760092D4E6 /* Release */ = {
			isa = XCBuildConfiguration;
			baseConfigurationReference = 1AD795C5D4584CF410514F68 /* Pods-WeatherGiftUITests.release.xcconfig */;
			buildSettings = {
				ALWAYS_EMBED_SWIFT_STANDARD_LIBRARIES = YES;
				CODE_SIGN_STYLE = Automatic;
				DEVELOPMENT_TEAM = 8F96C5LK24;
				INFOPLIST_FILE = WeatherGiftUITests/Info.plist;
				LD_RUNPATH_SEARCH_PATHS = "$(inherited) @executable_path/Frameworks @loader_path/Frameworks";
				PRODUCT_BUNDLE_IDENTIFIER = com.swiftAwsomeness.WeatherGiftUITests;
				PRODUCT_NAME = "$(TARGET_NAME)";
				SWIFT_VERSION = 4.0;
				TARGETED_DEVICE_FAMILY = "1,2";
				TEST_TARGET_NAME = WeatherGift;
			};
			name = Release;
		};
/* End XCBuildConfiguration section */

/* Begin XCConfigurationList section */
		4DC43E5E206899760092D4E6 /* Build configuration list for PBXProject "WeatherGift" */ = {
			isa = XCConfigurationList;
			buildConfigurations = (
				4DC43E89206899760092D4E6 /* Debug */,
				4DC43E8A206899760092D4E6 /* Release */,
			);
			defaultConfigurationIsVisible = 0;
			defaultConfigurationName = Release;
		};
		4DC43E8B206899760092D4E6 /* Build configuration list for PBXNativeTarget "WeatherGift" */ = {
			isa = XCConfigurationList;
			buildConfigurations = (
				4DC43E8C206899760092D4E6 /* Debug */,
				4DC43E8D206899760092D4E6 /* Release */,
			);
			defaultConfigurationIsVisible = 0;
			defaultConfigurationName = Release;
		};
		4DC43E8E206899760092D4E6 /* Build configuration list for PBXNativeTarget "WeatherGiftTests" */ = {
			isa = XCConfigurationList;
			buildConfigurations = (
				4DC43E8F206899760092D4E6 /* Debug */,
				4DC43E90206899760092D4E6 /* Release */,
			);
			defaultConfigurationIsVisible = 0;
			defaultConfigurationName = Release;
		};
		4DC43E91206899760092D4E6 /* Build configuration list for PBXNativeTarget "WeatherGiftUITests" */ = {
			isa = XCConfigurationList;
			buildConfigurations = (
				4DC43E92206899760092D4E6 /* Debug */,
				4DC43E93206899760092D4E6 /* Release */,
			);
			defaultConfigurationIsVisible = 0;
			defaultConfigurationName = Release;
		};
/* End XCConfigurationList section */
	};
	rootObject = 4DC43E5B206899760092D4E6 /* Project object */;
}
